Microsoft Visual Studio Solution File, Format Version 12.00
# Visual Studio Version 17
VisualStudioVersion = 17.5.2.0
MinimumVisualStudioVersion = 10.0.40219.1
Project("{2150E333-8FDC-42A3-9474-1A3956D46DE8}") = "services", "services", "{5854FF58-B8C5-05C6-5BF2-ACE42193F22B}"
EndProject
Project("{2150E333-8FDC-42A3-9474-1A3956D46DE8}") = "dotnet-csharp", "dotnet-csharp", "{AE2AACE9-BD3B-D013-1174-DA3DBF3CB0BE}"
EndProject
Project("{FAE04EC0-301F-11D3-BF4B-00C04F79EFBC}") = "Caderno_DG_C_Sharp", "services\dotnet-csharp\Caderno_DG_C_Sharp\Caderno_DG_C_Sharp.csproj", "{99D6CC19-BE42-635D-86D7-5EE097C5B191}"
EndProject
Global
	GlobalSection(SolutionConfigurationPlatforms) = preSolution
		Debug|Any CPU = Debug|Any CPU
		Release|Any CPU = Release|Any CPU
	EndGlobalSection
	GlobalSection(ProjectConfigurationPlatforms) = postSolution
		{99D6CC19-BE42-635D-86D7-5EE097C5B191}.Debug|Any CPU.ActiveCfg = Debug|Any CPU
		{99D6CC19-BE42-635D-86D7-5EE097C5B191}.Debug|Any CPU.Build.0 = Debug|Any CPU
		{99D6CC19-BE42-635D-86D7-5EE097C5B191}.Release|Any CPU.ActiveCfg = Release|Any CPU
		{99D6CC19-BE42-635D-86D7-5EE097C5B191}.Release|Any CPU.Build.0 = Release|Any CPU
	EndGlobalSection
	GlobalSection(SolutionProperties) = preSolution
		HideSolutionNode = FALSE
	EndGlobalSection
	GlobalSection(NestedProjects) = preSolution
		{AE2AACE9-BD3B-D013-1174-DA3DBF3CB0BE} = {5854FF58-B8C5-05C6-5BF2-ACE42193F22B}
		{99D6CC19-BE42-635D-86D7-5EE097C5B191} = {AE2AACE9-BD3B-D013-1174-DA3DBF3CB0BE}
	EndGlobalSection
	GlobalSection(ExtensibilityGlobals) = postSolution
		SolutionGuid = {51C8268B-D214-4D9C-98FA-61F39ED432EE}
	EndGlobalSection
EndGlobal
